# THIS IS AN AUTOGENERATED FILE. DO NOT EDIT THIS FILE DIRECTLY.
# yarn lockfile v1


"@stimulus/core@^1.1.1":
  version "1.1.1"
  resolved "https://registry.yarnpkg.com/@stimulus/core/-/core-1.1.1.tgz#42b0cfe5b73ca492f41de64b77a03980bae92c82"
  integrity sha512-PVJv7IpuQx0MVPCBblXc6O2zbCmU8dlxXNH4bC9KK6LsvGaE+PCXXrXQfXUwAsse1/CmRu/iQG7Ov58himjiGg==
  dependencies:
    "@stimulus/mutation-observers" "^1.1.1"

"@stimulus/multimap@^1.1.1":
  version "1.1.1"
  resolved "https://registry.yarnpkg.com/@stimulus/multimap/-/multimap-1.1.1.tgz#b95e3fd607345ab36e5d5b55486ee1a12d56b331"
  integrity sha512-26R1fI3a8uUj0WlMmta4qcfIQGlagegdP4PTz6lz852q/dXlG6r+uPS/bx+H8GtfyS+OOXVr3SkZ0Zg0iRqRfQ==

"@stimulus/mutation-observers@^1.1.1":
  version "1.1.1"
  resolved "https://registry.yarnpkg.com/@stimulus/mutation-observers/-/mutation-observers-1.1.1.tgz#0f6c6f081308427fed2a26360dda0c173b79cfc0"
  integrity sha512-/zCnnw1KJlWO2mrx0yxYaRFZWMGnDMdOgSnI4hxDLxdWVuL2HMROU8FpHWVBLjKY3T9A+lGkcrmPGDHF3pfS9w==
  dependencies:
    "@stimulus/multimap" "^1.1.1"

"@stimulus/webpack-helpers@^1.1.1":
  version "1.1.1"
  resolved "https://registry.yarnpkg.com/@stimulus/webpack-helpers/-/webpack-helpers-1.1.1.tgz#eff60cd4e58b921d1a2764dc5215f5141510f2c2"
  integrity sha512-XOkqSw53N9072FLHvpLM25PIwy+ndkSSbnTtjKuyzsv8K5yfkFB2rv68jU1pzqYa9FZLcvZWP4yazC0V38dx9A==

"actioncable@>= 5.2":
  version "5.2.3"
  resolved "https://registry.yarnpkg.com/actioncable/-/actioncable-5.2.3.tgz#639d98855b854b7bfe2059ab97d6e0ae8fd60a1d"
  integrity sha512-KNdZHRDu92VDSO7SOEJS8Bf5G//LZZLz5e6m7mv8Wjafe9Svdp/DPJ/DpO7rJmPAlKcLAYwi/R7pNJ/VCHV1FQ==

"cable_ready@>= 4.0.5":
  version "4.0.5"
  resolved "https://registry.yarnpkg.com/cable_ready/-/cable_ready-4.0.5.tgz#52d094de0d272f1dd8aff6bc22afeb29fa5e73d4"
  integrity sha512-8khNOYGHfXXNeXtDp00Odk2c21iWDu7cawYxYKuqBXn99TRlh+9jBvnJwXGfgabalesSjvEKKnAyeGLOjNmNtw==
  dependencies:
    morphdom "^2.5.6"

morphdom@^2.5.6:
  version "2.5.6"
  resolved "https://registry.yarnpkg.com/morphdom/-/morphdom-2.5.6.tgz#85c59b36597a014d7107b09e0b836b3292086185"
  integrity sha512-uw+fgVRCV7DK9EWJ87NeiFXTDdLklajJQNLHCAJStqTY/uwFpK5ormeU2PYSX5DDk+cI9dtFli/MHKd2wP/KGg==

prettier@^1.18.2:
  version "1.18.2"
  resolved "https://registry.yarnpkg.com/prettier/-/prettier-1.18.2.tgz#6823e7c5900017b4bd3acf46fe9ac4b4d7bda9ea"
  integrity sha512-OeHeMc0JhFE9idD4ZdtNibzY0+TPHSpSSb9h8FqtP+YnoZZ1sl8Vc9b1sasjfymH3SonAF4QcA2+mzHPhMvIiw==

"stimulus@>= 1.1.1":
  version "1.1.1"
  resolved "https://registry.yarnpkg.com/stimulus/-/stimulus-1.1.1.tgz#53c2fded6849e7b85eed3ed8dd76e33abd74bec5"
  integrity sha512-R0mBqKp48YnRDZOxZ8hiOH4Ilph3Yj78CIFTBkCwyHs4iGCpe7xlEdQ7cjIxb+7qVCSxFKgxO+mAQbsNgt/5XQ==
  dependencies:
    "@stimulus/core" "^1.1.1"
    "@stimulus/webpack-helpers" "^1.1.1"
