# THIS IS AN AUTOGENERATED FILE. DO NOT EDIT THIS FILE DIRECTLY.
# yarn lockfile v1


actioncable@^5.2.3:
  version "5.2.3"
  resolved "https://registry.yarnpkg.com/actioncable/-/actioncable-5.2.3.tgz#639d98855b854b7bfe2059ab97d6e0ae8fd60a1d"
  integrity sha512-KNdZHRDu92VDSO7SOEJS8Bf5G//LZZLz5e6m7mv8Wjafe9Svdp/DPJ/DpO7rJmPAlKcLAYwi/R7pNJ/VCHV1FQ==

cable_ready@^4.0.0:
  version "4.0.0"
  resolved "https://registry.yarnpkg.com/cable_ready/-/cable_ready-4.0.0.tgz#fae8e1ac7b7e8f56a4e4ab59a8c6a67b38623590"
  integrity sha512-WVVM/eAQkOZ8iNHaqliBE5vloKMH9kvT+uFBN1H4Acqz3zgOf4yv8oIT8UHzvFs/WjHwp0FhCEghWhWT0SobzA==
  dependencies:
    morphdom "^2.5.6"

morphdom@^2.5.6:
  version "2.5.6"
  resolved "https://registry.yarnpkg.com/morphdom/-/morphdom-2.5.6.tgz#85c59b36597a014d7107b09e0b836b3292086185"
  integrity sha512-uw+fgVRCV7DK9EWJ87NeiFXTDdLklajJQNLHCAJStqTY/uwFpK5ormeU2PYSX5DDk+cI9dtFli/MHKd2wP/KGg==
